
Microsoft Visual Studio Solution File, Format Version 12.00
# Visual Studio Express 14 for Windows Desktop
VisualStudioVersion = 14.0.23107.0
MinimumVisualStudioVersion = 10.0.40219.1
Project("{FAE04EC0-301F-11D3-BF4B-00C04F79EFBC}") = "Interpreter", "Interpreter\Interpreter.csproj", "{756F2B3F-125F-4667-A6D2-AD0D85928E74}"
EndProject
Project("{FAE04EC0-301F-11D3-BF4B-00C04F79EFBC}") = "Interpreter_Library", "Interpreter_Library\Interpreter_Library.csproj", "{2B784073-4F6C-4328-897B-2FDC2A243F94}"
EndProject
Global
	GlobalSection(SolutionConfigurationPlatforms) = preSolution
		Debug|Any CPU = Debug|Any CPU
		Release|Any CPU = Release|Any CPU
	EndGlobalSection
	GlobalSection(ProjectConfigurationPlatforms) = postSolution
		{756F2B3F-125F-4667-A6D2-AD0D85928E74}.Debug|Any CPU.ActiveCfg = Debug|Any CPU
		{756F2B3F-125F-4667-A6D2-AD0D85928E74}.Debug|Any CPU.Build.0 = Debug|Any CPU
		{756F2B3F-125F-4667-A6D2-AD0D85928E74}.Release|Any CPU.ActiveCfg = Release|Any CPU
		{756F2B3F-125F-4667-A6D2-AD0D85928E74}.Release|Any CPU.Build.0 = Release|Any CPU
		{2B784073-4F6C-4328-897B-2FDC2A243F94}.Debug|Any CPU.ActiveCfg = Debug|Any CPU
		{2B784073-4F6C-4328-897B-2FDC2A243F94}.Debug|Any CPU.Build.0 = Debug|Any CPU
		{2B784073-4F6C-4328-897B-2FDC2A243F94}.Release|Any CPU.ActiveCfg = Release|Any CPU
		{2B784073-4F6C-4328-897B-2FDC2A243F94}.Release|Any CPU.Build.0 = Release|Any CPU
	EndGlobalSection
	GlobalSection(SolutionProperties) = preSolution
		HideSolutionNode = FALSE
	EndGlobalSection
EndGlobal
